PODS:
  - SwiftEventBus (2.1.0)

DEPENDENCIES:
  - SwiftEventBus (from `https://github.com/cesarferreira/SwiftEventBus`, tag `2.1.0`)

EXTERNAL SOURCES:
  SwiftEventBus:
    :git: https://github.com/cesarferreira/SwiftEventBus
    :tag: 2.1.0

CHECKOUT OPTIONS:
  SwiftEventBus:
    :git: https://github.com/cesarferreira/SwiftEventBus
    :tag: 2.1.0

SPEC CHECKSUMS:
  SwiftEventBus: 03fb72b65f3ae11912dec2591567b89e5908a781

PODFILE CHECKSUM: b67908d0c3187f2f27215042121db38c76f0243d

COCOAPODS: 1.0.0
